<?xml version="1.0" encoding="utf-8"?>
<Project ToolsVersion="4.0" xmlns="http://schemas.microsoft.com/developer/msbuild/2003">
  <ItemGroup>
    <Filter Include="Source Files">
      <UniqueIdentifier>{4FC737F1-C7A5-4376-A066-2A32D752A2FF}</UniqueIdentifier>
      <Extensions>cpp;c;cc;cxx;def;odl;idl;hpj;bat;asm;asmx</Extensions>
    </Filter>
    <Filter Include="Header Files">
      <UniqueIdentifier>{93995380-89BD-4b04-88EB-625FBE52EBFB}</UniqueIdentifier>
      <Extensions>h;hh;hpp;hxx;hm;inl;inc;xsd</Extensions>
    </Filter>
    <Filter Include="Resource Files">
      <UniqueIdentifier>{67DA6AB6-F800-4c08-8B7A-83BB121AAD01}</UniqueIdentifier>
      <Extensions>rc;ico;cur;bmp;dlg;rc2;rct;bin;rgs;gif;jpg;jpeg;jpe;resx;tiff;tif;png;wav;mfcribbon-ms</Extensions>
    </Filter>
  </ItemGroup>
  <ItemGroup>
    <None Include="Arduino1.ino" />
  </ItemGroup>
  <ItemGroup>
    <ClInclude Include="Visual Micro\.Arduino1.vsarduino.h">
      <Filter>Header Files</Filter>
    </ClInclude>
    <ClInclude Include="led.h">
      <Filter>Header Files</Filter>
    </ClInclude>
    <ClInclude Include="BrightnessLed.h">
      <Filter>Header Files</Filter>
    </ClInclude>
    <ClInclude Include="FadedLed.h">
      <Filter>Header Files</Filter>
    </ClInclude>
    <ClInclude Include="Timer.h">
      <Filter>Header Files</Filter>
    </ClInclude>
    <ClInclude Include="Visual Micro\.ArduinoLibrary.vsarduino.h">
      <Filter>Header Files</Filter>
    </ClInclude>
    <ClInclude Include="Blinker.h">
      <Filter>Header Files</Filter>
    </ClInclude>
    <ClInclude Include="ISwitchable.h">
      <Filter>Header Files</Filter>
    </ClInclude>
    <ClInclude Include="SensorHCSR04.h">
      <Filter>Header Files</Filter>
    </ClInclude>
    <ClInclude Include="FastIO.h">
      <Filter>Header Files</Filter>
    </ClInclude>
    <ClInclude Include="I2CIO.h">
      <Filter>Header Files</Filter>
    </ClInclude>
    <ClInclude Include="LCD.h">
      <Filter>Header Files</Filter>
    </ClInclude>
    <ClInclude Include="LiquidCrystal.h">
      <Filter>Header Files</Filter>
    </ClInclude>
    <ClInclude Include="LiquidCrystal_I2C.h">
      <Filter>Header Files</Filter>
    </ClInclude>
    <ClInclude Include="LiquidCrystal_SR.h">
      <Filter>Header Files</Filter>
    </ClInclude>
    <ClInclude Include="LiquidCrystal_SR2W.h">
      <Filter>Header Files</Filter>
    </ClInclude>
    <ClInclude Include="LiquidCrystal_SR3W.h">
      <Filter>Header Files</Filter>
    </ClInclude>
    <ClInclude Include="Mistumi95SP9PUnipolar.h">
      <Filter>Header Files</Filter>
    </ClInclude>
    <ClInclude Include="RobotSteeringWheel.h">
      <Filter>Header Files</Filter>
    </ClInclude>
    <ClInclude Include="RobotLCD.h">
      <Filter>Header Files</Filter>
    </ClInclude>
    <ClInclude Include="RobotMotor.h">
      <Filter>Header Files</Filter>
    </ClInclude>
  </ItemGroup>
  <ItemGroup>
    <ClCompile Include="led.cpp">
      <Filter>Source Files</Filter>
    </ClCompile>
    <ClCompile Include="BrightnessLed.cpp">
      <Filter>Source Files</Filter>
    </ClCompile>
    <ClCompile Include="FadedLed.cpp">
      <Filter>Source Files</Filter>
    </ClCompile>
    <ClCompile Include="Timer.cpp">
      <Filter>Source Files</Filter>
    </ClCompile>
    <ClCompile Include="Blinker.cpp">
      <Filter>Source Files</Filter>
    </ClCompile>
    <ClCompile Include="SensorHCSR04.cpp">
      <Filter>Source Files</Filter>
    </ClCompile>
    <ClCompile Include="DistanceLEDShower.backup" />
    <ClCompile Include="FastIO.cpp">
      <Filter>Source Files</Filter>
    </ClCompile>
    <ClCompile Include="I2CIO.cpp">
      <Filter>Source Files</Filter>
    </ClCompile>
    <ClCompile Include="LCD.cpp">
      <Filter>Source Files</Filter>
    </ClCompile>
    <ClCompile Include="LiquidCrystal.cpp">
      <Filter>Source Files</Filter>
    </ClCompile>
    <ClCompile Include="LiquidCrystal_I2C.cpp">
      <Filter>Source Files</Filter>
    </ClCompile>
    <ClCompile Include="LiquidCrystal_SR.cpp">
      <Filter>Source Files</Filter>
    </ClCompile>
    <ClCompile Include="LiquidCrystal_SR2W.cpp">
      <Filter>Source Files</Filter>
    </ClCompile>
    <ClCompile Include="LiquidCrystal_SR3W.cpp">
      <Filter>Source Files</Filter>
    </ClCompile>
    <ClCompile Include="Mistumi95SP9PUnipolar.cpp">
      <Filter>Source Files</Filter>
    </ClCompile>
    <ClCompile Include="RobotSteeringWheel.cpp">
      <Filter>Source Files</Filter>
    </ClCompile>
    <ClCompile Include="RobotLCD.cpp">
      <Filter>Source Files</Filter>
    </ClCompile>
    <ClCompile Include="RobotMotor.cpp">
      <Filter>Source Files</Filter>
    </ClCompile>
  </ItemGroup>
</Project>